// !$*UTF8*$!
{
	archiveVersion = 1;
	classes = {
	};
	objectVersion = 77;
	objects = {

/* Begin PBXBuildFile section */
		2ADFBF7B2E03F2D100B180E3 /* MLX in Frameworks */ = {isa = PBXBuildFile; productRef = 2ADFBF7A2E03F2D100B180E3 /* MLX */; };
		2ADFBF7D2E03F2D100B180E3 /* MLXFFT in Frameworks */ = {isa = PBXBuildFile; productRef = 2ADFBF7C2E03F2D100B180E3 /* MLXFFT */; };
		2ADFBF7F2E03F2D100B180E3 /* MLXFast in Frameworks */ = {isa = PBXBuildFile; productRef = 2ADFBF7E2E03F2D100B180E3 /* MLXFast */; };
		2ADFBF812E03F2D100B180E3 /* MLXLinalg in Frameworks */ = {isa = PBXBuildFile; productRef = 2ADFBF802E03F2D100B180E3 /* MLXLinalg */; };
		2ADFBF832E03F2D100B180E3 /* MLXNN in Frameworks */ = {isa = PBXBuildFile; productRef = 2ADFBF822E03F2D100B180E3 /* MLXNN */; };
		2ADFBF852E03F2D100B180E3 /* MLXOptimizers in Frameworks */ = {isa = PBXBuildFile; productRef = 2ADFBF842E03F2D100B180E3 /* MLXOptimizers */; };
		2ADFBF872E03F2D100B180E3 /* MLXRandom in Frameworks */ = {isa = PBXBuildFile; productRef = 2ADFBF862E03F2D100B180E3 /* MLXRandom */; };
		2ADFBF8A2E03F2F000B180E3 /* MLXEmbedders in Frameworks */ = {isa = PBXBuildFile; productRef = 2ADFBF892E03F2F000B180E3 /* MLXEmbedders */; };
		2ADFBF8C2E03F2F000B180E3 /* MLXLLM in Frameworks */ = {isa = PBXBuildFile; productRef = 2ADFBF8B2E03F2F000B180E3 /* MLXLLM */; };
		2ADFBF8E2E03F2F000B180E3 /* MLXLMCommon in Frameworks */ = {isa = PBXBuildFile; productRef = 2ADFBF8D2E03F2F000B180E3 /* MLXLMCommon */; };
		2ADFBF902E03F2F000B180E3 /* MLXMNIST in Frameworks */ = {isa = PBXBuildFile; productRef = 2ADFBF8F2E03F2F000B180E3 /* MLXMNIST */; };
		2ADFBF922E03F2F000B180E3 /* MLXVLM in Frameworks */ = {isa = PBXBuildFile; productRef = 2ADFBF912E03F2F000B180E3 /* MLXVLM */; };
		2ADFBF942E03F2F000B180E3 /* StableDiffusion in Frameworks */ = {isa = PBXBuildFile; productRef = 2ADFBF932E03F2F000B180E3 /* StableDiffusion */; };
/* End PBXBuildFile section */

/* Begin PBXFileReference section */
		2ADFBF6B2E03F10F00B180E3 /* Eris..app */ = {isa = PBXFileReference; explicitFileType = wrapper.application; includeInIndex = 0; path = Eris..app; sourceTree = BUILT_PRODUCTS_DIR; };
/* End PBXFileReference section */

/* Begin PBXFileSystemSynchronizedRootGroup section */
		2ADFBF6D2E03F10F00B180E3 /* Eris. */ = {
			isa = PBXFileSystemSynchronizedRootGroup;
			path = Eris.;
			sourceTree = "<group>";
		};
/* End PBXFileSystemSynchronizedRootGroup section */

/* Begin PBXFrameworksBuildPhase section */
		2ADFBF682E03F10F00B180E3 /* Frameworks */ = {
			isa = PBXFrameworksBuildPhase;
			buildActionMask = 2147483647;
			files = (
				2ADFBF8E2E03F2F000B180E3 /* MLXLMCommon in Frameworks */,
				2ADFBF8C2E03F2F000B180E3 /* MLXLLM in Frameworks */,
				2ADFBF922E03F2F000B180E3 /* MLXVLM in Frameworks */,
				2ADFBF8A2E03F2F000B180E3 /* MLXEmbedders in Frameworks */,
				2ADFBF852E03F2D100B180E3 /* MLXOptimizers in Frameworks */,
				2ADFBF7F2E03F2D100B180E3 /* MLXFast in Frameworks */,
				2ADFBF812E03F2D100B180E3 /* MLXLinalg in Frameworks */,
				2ADFBF902E03F2F000B180E3 /* MLXMNIST in Frameworks */,
				2ADFBF7B2E03F2D100B180E3 /* MLX in Frameworks */,
				2ADFBF832E03F2D100B180E3 /* MLXNN in Frameworks */,
				2ADFBF7D2E03F2D100B180E3 /* MLXFFT in Frameworks */,
				2ADFBF942E03F2F000B180E3 /* StableDiffusion in Frameworks */,
				2ADFBF872E03F2D100B180E3 /* MLXRandom in Frameworks */,
			);
			runOnlyForDeploymentPostprocessing = 0;
		};
/* End PBXFrameworksBuildPhase section */

/* Begin PBXGroup section */
		2ADFBF622E03F10F00B180E3 = {
			isa = PBXGroup;
			children = (
				2ADFBF6D2E03F10F00B180E3 /* Eris. */,
				2ADFBF6C2E03F10F00B180E3 /* Products */,
			);
			sourceTree = "<group>";
		};
		2ADFBF6C2E03F10F00B180E3 /* Products */ = {
			isa = PBXGroup;
			children = (
				2ADFBF6B2E03F10F00B180E3 /* Eris..app */,
			);
			name = Products;
			sourceTree = "<group>";
		};
/* End PBXGroup section */

/* Begin PBXNativeTarget section */
		2ADFBF6A2E03F10F00B180E3 /* Eris. */ = {
			isa = PBXNativeTarget;
			buildConfigurationList = 2ADFBF762E03F10F00B180E3 /* Build configuration list for PBXNativeTarget "Eris." */;
			buildPhases = (
				2ADFBF672E03F10F00B180E3 /* Sources */,
				2ADFBF682E03F10F00B180E3 /* Frameworks */,
				2ADFBF692E03F10F00B180E3 /* Resources */,
			);
			buildRules = (
			);
			dependencies = (
			);
			fileSystemSynchronizedGroups = (
				2ADFBF6D2E03F10F00B180E3 /* Eris. */,
			);
			name = Eris.;
			packageProductDependencies = (
				2ADFBF7A2E03F2D100B180E3 /* MLX */,
				2ADFBF7C2E03F2D100B180E3 /* MLXFFT */,
				2ADFBF7E2E03F2D100B180E3 /* MLXFast */,
				2ADFBF802E03F2D100B180E3 /* MLXLinalg */,
				2ADFBF822E03F2D100B180E3 /* MLXNN */,
				2ADFBF842E03F2D100B180E3 /* MLXOptimizers */,
				2ADFBF862E03F2D100B180E3 /* MLXRandom */,
				2ADFBF892E03F2F000B180E3 /* MLXEmbedders */,
				2ADFBF8B2E03F2F000B180E3 /* MLXLLM */,
				2ADFBF8D2E03F2F000B180E3 /* MLXLMCommon */,
				2ADFBF8F2E03F2F000B180E3 /* MLXMNIST */,
				2ADFBF912E03F2F000B180E3 /* MLXVLM */,
				2ADFBF932E03F2F000B180E3 /* StableDiffusion */,
			);
			productName = Eris.;
			productReference = 2ADFBF6B2E03F10F00B180E3 /* Eris..app */;
			productType = "com.apple.product-type.application";
		};
/* End PBXNativeTarget section */

/* Begin PBXProject section */
		2ADFBF632E03F10F00B180E3 /* Project object */ = {
			isa = PBXProject;
			attributes = {
				BuildIndependentTargetsInParallel = 1;
				LastSwiftUpdateCheck = 1640;
				LastUpgradeCheck = 1640;
				TargetAttributes = {
					2ADFBF6A2E03F10F00B180E3 = {
						CreatedOnToolsVersion = 16.4;
					};
				};
			};
			buildConfigurationList = 2ADFBF662E03F10F00B180E3 /* Build configuration list for PBXProject "Eris." */;
			developmentRegion = en;
			hasScannedForEncodings = 0;
			knownRegions = (
				en,
				Base,
			);
			mainGroup = 2ADFBF622E03F10F00B180E3;
			minimizedProjectReferenceProxies = 1;
			packageReferences = (
				2ADFBF792E03F2D100B180E3 /* XCRemoteSwiftPackageReference "mlx-swift" */,
				2ADFBF882E03F2F000B180E3 /* XCRemoteSwiftPackageReference "mlx-swift-examples" */,
			);
			preferredProjectObjectVersion = 77;
			productRefGroup = 2ADFBF6C2E03F10F00B180E3 /* Products */;
			projectDirPath = "";
			projectRoot = "";
			targets = (
				2ADFBF6A2E03F10F00B180E3 /* Eris. */,
			);
		};
/* End PBXProject section */

/* Begin PBXResourcesBuildPhase section */
		2ADFBF692E03F10F00B180E3 /* Resources */ = {
			isa = PBXResourcesBuildPhase;
			buildActionMask = 2147483647;
			files = (
			);
			runOnlyForDeploymentPostprocessing = 0;
		};
/* End PBXResourcesBuildPhase section */

/* Begin PBXSourcesBuildPhase section */
		2ADFBF672E03F10F00B180E3 /* Sources */ = {
			isa = PBXSourcesBuildPhase;
			buildActionMask = 2147483647;
			files = (
			);
			runOnlyForDeploymentPostprocessing = 0;
		};
/* End PBXSourcesBuildPhase section */

/* Begin XCBuildConfiguration section */
		2ADFBF742E03F10F00B180E3 /* Debug */ = {
			isa = XCBuildConfiguration;
			buildSettings = {
				ALWAYS_SEARCH_USER_PATHS = NO;
				ASSETCATALOG_COMPILER_GENERATE_SWIFT_ASSET_SYMBOL_EXTENSIONS = YES;
				CLANG_ANALYZER_NONNULL = YES;
				CLANG_ANALYZER_NUMBER_OBJECT_CONVERSION = YES_AGGRESSIVE;
				CLANG_CXX_LANGUAGE_STANDARD = "gnu++20";
				CLANG_ENABLE_MODULES = YES;
				CLANG_ENABLE_OBJC_ARC = YES;
				CLANG_ENABLE_OBJC_WEAK = YES;
				CLANG_WARN_BLOCK_CAPTURE_AUTORELEASING = YES;
				CLANG_WARN_BOOL_CONVERSION = YES;
				CLANG_WARN_COMMA = YES;
				CLANG_WARN_CONSTANT_CONVERSION = YES;
				CLANG_WARN_DEPRECATED_OBJC_IMPLEMENTATIONS = YES;
				CLANG_WARN_DIRECT_OBJC_ISA_USAGE = YES_ERROR;
				CLANG_WARN_DOCUMENTATION_COMMENTS = YES;
				CLANG_WARN_EMPTY_BODY = YES;
				CLANG_WARN_ENUM_CONVERSION = YES;
				CLANG_WARN_INFINITE_RECURSION = YES;
				CLANG_WARN_INT_CONVERSION = YES;
				CLANG_WARN_NON_LITERAL_NULL_CONVERSION = YES;
				CLANG_WARN_OBJC_IMPLICIT_RETAIN_SELF = YES;
				CLANG_WARN_OBJC_LITERAL_CONVERSION = YES;
				CLANG_WARN_OBJC_ROOT_CLASS = YES_ERROR;
				CLANG_WARN_QUOTED_INCLUDE_IN_FRAMEWORK_HEADER = YES;
				CLANG_WARN_RANGE_LOOP_ANALYSIS = YES;
				CLANG_WARN_STRICT_PROTOTYPES = YES;
				CLANG_WARN_SUSPICIOUS_MOVE = YES;
				CLANG_WARN_UNGUARDED_AVAILABILITY = YES_AGGRESSIVE;
				CLANG_WARN_UNREACHABLE_CODE = YES;
				CLANG_WARN__DUPLICATE_METHOD_MATCH = YES;
				COPY_PHASE_STRIP = NO;
				DEBUG_INFORMATION_FORMAT = dwarf;
				DEVELOPMENT_TEAM = 66ZCPH3D9R;
				ENABLE_STRICT_OBJC_MSGSEND = YES;
				ENABLE_TESTABILITY = YES;
				ENABLE_USER_SCRIPT_SANDBOXING = YES;
				GCC_C_LANGUAGE_STANDARD = gnu17;
				GCC_DYNAMIC_NO_PIC = NO;
				GCC_NO_COMMON_BLOCKS = YES;
				GCC_OPTIMIZATION_LEVEL = 0;
				GCC_PREPROCESSOR_DEFINITIONS = (
					"DEBUG=1",
					"$(inherited)",
				);
				GCC_WARN_64_TO_32_BIT_CONVERSION = YES;
				GCC_WARN_ABOUT_RETURN_TYPE = YES_ERROR;
				GCC_WARN_UNDECLARED_SELECTOR = YES;
				GCC_WARN_UNINITIALIZED_AUTOS = YES_AGGRESSIVE;
				GCC_WARN_UNUSED_FUNCTION = YES;
				GCC_WARN_UNUSED_VARIABLE = YES;
				IPHONEOS_DEPLOYMENT_TARGET = 18.5;
				LOCALIZATION_PREFERS_STRING_CATALOGS = YES;
				MTL_ENABLE_DEBUG_INFO = INCLUDE_SOURCE;
				MTL_FAST_MATH = YES;
				ONLY_ACTIVE_ARCH = YES;
				SDKROOT = iphoneos;
				SWIFT_ACTIVE_COMPILATION_CONDITIONS = "DEBUG $(inherited)";
				SWIFT_OPTIMIZATION_LEVEL = "-Onone";
			};
			name = Debug;
		};
		2ADFBF752E03F10F00B180E3 /* Release */ = {
			isa = XCBuildConfiguration;
			buildSettings = {
				ALWAYS_SEARCH_USER_PATHS = NO;
				ASSETCATALOG_COMPILER_GENERATE_SWIFT_ASSET_SYMBOL_EXTENSIONS = YES;
				CLANG_ANALYZER_NONNULL = YES;
				CLANG_ANALYZER_NUMBER_OBJECT_CONVERSION = YES_AGGRESSIVE;
				CLANG_CXX_LANGUAGE_STANDARD = "gnu++20";
				CLANG_ENABLE_MODULES = YES;
				CLANG_ENABLE_OBJC_ARC = YES;
				CLANG_ENABLE_OBJC_WEAK = YES;
				CLANG_WARN_BLOCK_CAPTURE_AUTORELEASING = YES;
				CLANG_WARN_BOOL_CONVERSION = YES;
				CLANG_WARN_COMMA = YES;
				CLANG_WARN_CONSTANT_CONVERSION = YES;
				CLANG_WARN_DEPRECATED_OBJC_IMPLEMENTATIONS = YES;
				CLANG_WARN_DIRECT_OBJC_ISA_USAGE = YES_ERROR;
				CLANG_WARN_DOCUMENTATION_COMMENTS = YES;
				CLANG_WARN_EMPTY_BODY = YES;
				CLANG_WARN_ENUM_CONVERSION = YES;
				CLANG_WARN_INFINITE_RECURSION = YES;
				CLANG_WARN_INT_CONVERSION = YES;
				CLANG_WARN_NON_LITERAL_NULL_CONVERSION = YES;
				CLANG_WARN_OBJC_IMPLICIT_RETAIN_SELF = YES;
				CLANG_WARN_OBJC_LITERAL_CONVERSION = YES;
				CLANG_WARN_OBJC_ROOT_CLASS = YES_ERROR;
				CLANG_WARN_QUOTED_INCLUDE_IN_FRAMEWORK_HEADER = YES;
				CLANG_WARN_RANGE_LOOP_ANALYSIS = YES;
				CLANG_WARN_STRICT_PROTOTYPES = YES;
				CLANG_WARN_SUSPICIOUS_MOVE = YES;
				CLANG_WARN_UNGUARDED_AVAILABILITY = YES_AGGRESSIVE;
				CLANG_WARN_UNREACHABLE_CODE = YES;
				CLANG_WARN__DUPLICATE_METHOD_MATCH = YES;
				COPY_PHASE_STRIP = NO;
				DEBUG_INFORMATION_FORMAT = "dwarf-with-dsym";
				DEVELOPMENT_TEAM = 66ZCPH3D9R;
				ENABLE_NS_ASSERTIONS = NO;
				ENABLE_STRICT_OBJC_MSGSEND = YES;
				ENABLE_USER_SCRIPT_SANDBOXING = YES;
				GCC_C_LANGUAGE_STANDARD = gnu17;
				GCC_NO_COMMON_BLOCKS = YES;
				GCC_WARN_64_TO_32_BIT_CONVERSION = YES;
				GCC_WARN_ABOUT_RETURN_TYPE = YES_ERROR;
				GCC_WARN_UNDECLARED_SELECTOR = YES;
				GCC_WARN_UNINITIALIZED_AUTOS = YES_AGGRESSIVE;
				GCC_WARN_UNUSED_FUNCTION = YES;
				GCC_WARN_UNUSED_VARIABLE = YES;
				IPHONEOS_DEPLOYMENT_TARGET = 18.5;
				LOCALIZATION_PREFERS_STRING_CATALOGS = YES;
				MTL_ENABLE_DEBUG_INFO = NO;
				MTL_FAST_MATH = YES;
				SDKROOT = iphoneos;
				SWIFT_COMPILATION_MODE = wholemodule;
				VALIDATE_PRODUCT = YES;
			};
			name = Release;
		};
		2ADFBF772E03F10F00B180E3 /* Debug */ = {
			isa = XCBuildConfiguration;
			buildSettings = {
				ASSETCATALOG_COMPILER_APPICON_NAME = AppIcon;
				ASSETCATALOG_COMPILER_GLOBAL_ACCENT_COLOR_NAME = AccentColor;
				CODE_SIGN_STYLE = Automatic;
				CURRENT_PROJECT_VERSION = 5;
				DEVELOPMENT_TEAM = 66ZCPH3D9R;
				ENABLE_PREVIEWS = YES;
				GENERATE_INFOPLIST_FILE = YES;
				INFOPLIST_KEY_CFBundleDisplayName = Eris.;
				INFOPLIST_KEY_LSApplicationCategoryType = "public.app-category.productivity";
				INFOPLIST_KEY_UIApplicationSceneManifest_Generation = YES;
				INFOPLIST_KEY_UIApplicationSupportsIndirectInputEvents = YES;
				INFOPLIST_KEY_UILaunchScreen_Generation = YES;
				INFOPLIST_KEY_UISupportedInterfaceOrientations = "UIInterfaceOrientationLandscapeLeft UIInterfaceOrientationPortrait";
				INFOPLIST_KEY_UISupportedInterfaceOrientations_iPad = "UIInterfaceOrientationLandscapeLeft UIInterfaceOrientationLandscapeRight UIInterfaceOrientationPortrait UIInterfaceOrientationPortraitUpsideDown";
				IPHONEOS_DEPLOYMENT_TARGET = 17.6;
				LD_RUNPATH_SEARCH_PATHS = (
					"$(inherited)",
					"@executable_path/Frameworks",
				);
				MARKETING_VERSION = 1.4;
				PRODUCT_BUNDLE_IDENTIFIER = "com.natxo.Eris-";
				PRODUCT_NAME = "$(TARGET_NAME)";
				SUPPORTED_PLATFORMS = "iphoneos iphonesimulator";
				SUPPORTS_MACCATALYST = NO;
				SUPPORTS_MAC_DESIGNED_FOR_IPHONE_IPAD = YES;
				SUPPORTS_XR_DESIGNED_FOR_IPHONE_IPAD = NO;
				SWIFT_EMIT_LOC_STRINGS = YES;
				SWIFT_VERSION = 5.0;
				TARGETED_DEVICE_FAMILY = "1,2";
			};
			name = Debug;
		};
		2ADFBF782E03F10F00B180E3 /* Release */ = {
			isa = XCBuildConfiguration;
			buildSettings = {
				ASSETCATALOG_COMPILER_APPICON_NAME = AppIcon;
				ASSETCATALOG_COMPILER_GLOBAL_ACCENT_COLOR_NAME = AccentColor;
				CODE_SIGN_STYLE = Automatic;
				CURRENT_PROJECT_VERSION = 5;
				DEVELOPMENT_TEAM = 66ZCPH3D9R;
				ENABLE_PREVIEWS = YES;
				GENERATE_INFOPLIST_FILE = YES;
				INFOPLIST_KEY_CFBundleDisplayName = Eris.;
				INFOPLIST_KEY_LSApplicationCategoryType = "public.app-category.productivity";
				INFOPLIST_KEY_UIApplicationSceneManifest_Generation = YES;
				INFOPLIST_KEY_UIApplicationSupportsIndirectInputEvents = YES;
				INFOPLIST_KEY_UILaunchScreen_Generation = YES;
				INFOPLIST_KEY_UISupportedInterfaceOrientations = "UIInterfaceOrientationLandscapeLeft UIInterfaceOrientationPortrait";
				INFOPLIST_KEY_UISupportedInterfaceOrientations_iPad = "UIInterfaceOrientationLandscapeLeft UIInterfaceOrientationLandscapeRight UIInterfaceOrientationPortrait UIInterfaceOrientationPortraitUpsideDown";
				IPHONEOS_DEPLOYMENT_TARGET = 17.6;
				LD_RUNPATH_SEARCH_PATHS = (
					"$(inherited)",
					"@executable_path/Frameworks",
				);
				MARKETING_VERSION = 1.4;
				PRODUCT_BUNDLE_IDENTIFIER = "com.natxo.Eris-";
				PRODUCT_NAME = "$(TARGET_NAME)";
				SUPPORTED_PLATFORMS = "iphoneos iphonesimulator";
				SUPPORTS_MACCATALYST = NO;
				SUPPORTS_MAC_DESIGNED_FOR_IPHONE_IPAD = YES;
				SUPPORTS_XR_DESIGNED_FOR_IPHONE_IPAD = NO;
				SWIFT_EMIT_LOC_STRINGS = YES;
				SWIFT_VERSION = 5.0;
				TARGETED_DEVICE_FAMILY = "1,2";
			};
			name = Release;
		};
/* End XCBuildConfiguration section */

/* Begin XCConfigurationList section */
		2ADFBF662E03F10F00B180E3 /* Build configuration list for PBXProject "Eris." */ = {
			isa = XCConfigurationList;
			buildConfigurations = (
				2ADFBF742E03F10F00B180E3 /* Debug */,
				2ADFBF752E03F10F00B180E3 /* Release */,
			);
			defaultConfigurationIsVisible = 0;
			defaultConfigurationName = Release;
		};
		2ADFBF762E03F10F00B180E3 /* Build configuration list for PBXNativeTarget "Eris." */ = {
			isa = XCConfigurationList;
			buildConfigurations = (
				2ADFBF772E03F10F00B180E3 /* Debug */,
				2ADFBF782E03F10F00B180E3 /* Release */,
			);
			defaultConfigurationIsVisible = 0;
			defaultConfigurationName = Release;
		};
/* End XCConfigurationList section */

/* Begin XCRemoteSwiftPackageReference section */
		2ADFBF792E03F2D100B180E3 /* XCRemoteSwiftPackageReference "mlx-swift" */ = {
			isa = XCRemoteSwiftPackageReference;
			repositoryURL = "https://github.com/ml-explore/mlx-swift";
			requirement = {
				kind = upToNextMajorVersion;
				minimumVersion = 0.25.4;
			};
		};
		2ADFBF882E03F2F000B180E3 /* XCRemoteSwiftPackageReference "mlx-swift-examples" */ = {
			isa = XCRemoteSwiftPackageReference;
			repositoryURL = "https://github.com/ml-explore/mlx-swift-examples";
			requirement = {
				kind = upToNextMajorVersion;
				minimumVersion = 2.25.4;
			};
		};
/* End XCRemoteSwiftPackageReference section */

/* Begin XCSwiftPackageProductDependency section */
		2ADFBF7A2E03F2D100B180E3 /* MLX */ = {
			isa = XCSwiftPackageProductDependency;
			package = 2ADFBF792E03F2D100B180E3 /* XCRemoteSwiftPackageReference "mlx-swift" */;
			productName = MLX;
		};
		2ADFBF7C2E03F2D100B180E3 /* MLXFFT */ = {
			isa = XCSwiftPackageProductDependency;
			package = 2ADFBF792E03F2D100B180E3 /* XCRemoteSwiftPackageReference "mlx-swift" */;
			productName = MLXFFT;
		};
		2ADFBF7E2E03F2D100B180E3 /* MLXFast */ = {
			isa = XCSwiftPackageProductDependency;
			package = 2ADFBF792E03F2D100B180E3 /* XCRemoteSwiftPackageReference "mlx-swift" */;
			productName = MLXFast;
		};
		2ADFBF802E03F2D100B180E3 /* MLXLinalg */ = {
			isa = XCSwiftPackageProductDependency;
			package = 2ADFBF792E03F2D100B180E3 /* XCRemoteSwiftPackageReference "mlx-swift" */;
			productName = MLXLinalg;
		};
		2ADFBF822E03F2D100B180E3 /* MLXNN */ = {
			isa = XCSwiftPackageProductDependency;
			package = 2ADFBF792E03F2D100B180E3 /* XCRemoteSwiftPackageReference "mlx-swift" */;
			productName = MLXNN;
		};
		2ADFBF842E03F2D100B180E3 /* MLXOptimizers */ = {
			isa = XCSwiftPackageProductDependency;
			package = 2ADFBF792E03F2D100B180E3 /* XCRemoteSwiftPackageReference "mlx-swift" */;
			productName = MLXOptimizers;
		};
		2ADFBF862E03F2D100B180E3 /* MLXRandom */ = {
			isa = XCSwiftPackageProductDependency;
			package = 2ADFBF792E03F2D100B180E3 /* XCRemoteSwiftPackageReference "mlx-swift" */;
			productName = MLXRandom;
		};
		2ADFBF892E03F2F000B180E3 /* MLXEmbedders */ = {
			isa = XCSwiftPackageProductDependency;
			package = 2ADFBF882E03F2F000B180E3 /* XCRemoteSwiftPackageReference "mlx-swift-examples" */;
			productName = MLXEmbedders;
		};
		2ADFBF8B2E03F2F000B180E3 /* MLXLLM */ = {
			isa = XCSwiftPackageProductDependency;
			package = 2ADFBF882E03F2F000B180E3 /* XCRemoteSwiftPackageReference "mlx-swift-examples" */;
			productName = MLXLLM;
		};
		2ADFBF8D2E03F2F000B180E3 /* MLXLMCommon */ = {
			isa = XCSwiftPackageProductDependency;
			package = 2ADFBF882E03F2F000B180E3 /* XCRemoteSwiftPackageReference "mlx-swift-examples" */;
			productName = MLXLMCommon;
		};
		2ADFBF8F2E03F2F000B180E3 /* MLXMNIST */ = {
			isa = XCSwiftPackageProductDependency;
			package = 2ADFBF882E03F2F000B180E3 /* XCRemoteSwiftPackageReference "mlx-swift-examples" */;
			productName = MLXMNIST;
		};
		2ADFBF912E03F2F000B180E3 /* MLXVLM */ = {
			isa = XCSwiftPackageProductDependency;
			package = 2ADFBF882E03F2F000B180E3 /* XCRemoteSwiftPackageReference "mlx-swift-examples" */;
			productName = MLXVLM;
		};
		2ADFBF932E03F2F000B180E3 /* StableDiffusion */ = {
			isa = XCSwiftPackageProductDependency;
			package = 2ADFBF882E03F2F000B180E3 /* XCRemoteSwiftPackageReference "mlx-swift-examples" */;
			productName = StableDiffusion;
		};
/* End XCSwiftPackageProductDependency section */
	};
	rootObject = 2ADFBF632E03F10F00B180E3 /* Project object */;
}
